dependencies:
- name: postgresql
  repository: https://hmctspublic.azurecr.io/helm/v1/repo/
  version: 1.0.2
- name: java
  repository: https://hmctspublic.azurecr.io/helm/v1/repo/
  version: 5.2.1
- name: job
  repository: https://hmctspublic.azurecr.io/helm/v1/repo/
  version: 2.1.1
- name: idam-pr
  repository: https://hmctspublic.azurecr.io/helm/v1/repo/
  version: 2.3.0
- name: xui-webapp
  repository: https://hmctspublic.azurecr.io/helm/v1/repo/
  version: 1.0.18
- name: sscs-tya-notif
  repository: https://hmctspublic.azurecr.io/helm/v1/repo/
  version: 0.0.54
- name: ccd
  repository: https://hmctspublic.azurecr.io/helm/v1/repo/
  version: 9.2.0
- name: sscs-tribunals-frontend
  repository: https://hmctspublic.azurecr.io/helm/v1/repo/
  version: 0.2.44
- name: redis
  repository: https://charts.bitnami.com/bitnami
  version: 17.17.1
- name: em-ccdorc
  repository: https://hmctspublic.azurecr.io/helm/v1/repo/
  version: 2.0.25
- name: ccd-case-document-am-api
  repository: https://hmctspublic.azurecr.io/helm/v1/repo/
  version: 1.7.14
- name: sscs-hearings-api
  repository: https://hmctspublic.azurecr.io/helm/v1/repo/
  version: 0.0.39
- name: servicebus
  repository: https://hmctspublic.azurecr.io/helm/v1/repo/
  version: 1.0.6
- name: aac-manage-case-assignment
  repository: https://hmctspublic.azurecr.io/helm/v1/repo/
  version: ~0.2.16
- name: am-org-role-mapping-service
  repository: https://hmctspublic.azurecr.io/helm/v1/repo/
  version: 0.0.68
- name: camunda-bpm
  repository: https://hmctspublic.azurecr.io/helm/v1/repo/
  version: 0.0.47
- name: wa-task-management-api
  repository: https://hmctspublic.azurecr.io/helm/v1/repo/
  version: 0.0.53
- name: wa-task-monitor
  repository: https://hmctspublic.azurecr.io/helm/v1/repo/
  version: ~0.0.36
- name: wa-case-event-handler
  repository: https://hmctspublic.azurecr.io/helm/v1/repo/
  version: 0.0.41
- name: wa-workflow-api
  repository: https://hmctspublic.azurecr.io/helm/v1/repo/
  version: 0.0.43
- name: wa-task-batch-service
  repository: https://hmctspublic.azurecr.io/helm/v1/repo/
  version: ~0.0.24
- name: wa-task-batch-service
  repository: https://hmctspublic.azurecr.io/helm/v1/repo/
  version: ~0.0.24
- name: wa-task-batch-service
  repository: https://hmctspublic.azurecr.io/helm/v1/repo/
  version: ~0.0.24
- name: wa-message-cron-service
  repository: https://hmctspublic.azurecr.io/helm/v1/repo/
  version: ~0.0.13
- name: ccd-message-publisher
  repository: https://hmctspublic.azurecr.io/helm/v1/repo/
  version: ~0.1.20
- name: sscs-cron-trigger
  repository: https://hmctspublic.azurecr.io/helm/v1/repo/
  version: 0.0.19
- name: ccd-def-cleanup
  repository: https://hmctspublic.azurecr.io/helm/v1/repo/
  version: ~9.0.3
digest: sha256:1b5104593efd53182762ee156333b5e0b97bfa80b12a64428b0bbd6fd17a789e
generated: "2024-09-25T16:01:25.691022+01:00"
